# THIS IS AN AUTOGENERATED FILE. DO NOT EDIT THIS FILE DIRECTLY.
# yarn lockfile v1


at-least-node@^1.0.0:
  version "1.0.0"
  resolved "https://registry.yarnpkg.com/at-least-node/-/at-least-node-1.0.0.tgz#602cd4b46e844ad4effc92a8011a3c46e0238dc2"
  integrity sha512-+q/t7Ekv1EDY2l6Gda6LLiX14rU9TV20Wa3ofeQmwPFZbOMo9DXrLbOjFaaclkXKWidIaopwAObQDqwWtGUjqg==

colors-less@^1.0.0:
  version "1.0.0"
  resolved "https://registry.yarnpkg.com/colors-less/-/colors-less-1.0.0.tgz#ae560d79e5b6c6ab7e579dcd210feead884a5ed3"

copy-anything@^2.0.1:
  version "2.0.3"
  resolved "https://registry.yarnpkg.com/copy-anything/-/copy-anything-2.0.3.tgz#842407ba02466b0df844819bbe3baebbe5d45d87"
  integrity sha512-GK6QUtisv4fNS+XcI7shX0Gx9ORg7QqIznyfho79JTnX1XhLiyZHfftvGiziqzRiEi/Bjhgpi+D2o7HxJFPnDQ==
  dependencies:
    is-what "^3.12.0"

core-js@^3.8.3:
  version "3.9.0"
  resolved "https://registry.yarnpkg.com/core-js/-/core-js-3.9.0.tgz#790b1bb11553a2272b36e2625c7179db345492f8"
  integrity sha512-PyFBJaLq93FlyYdsndE5VaueA9K5cNB7CGzeCj191YYLhkQM0gdZR2SKihM70oF0wdqKSKClv/tEBOpoRmdOVQ==

debug@^3.2.6:
  version "3.2.7"
  resolved "https://registry.yarnpkg.com/debug/-/debug-3.2.7.tgz#72580b7e9145fb39b6676f9c5e5fb100b934179a"
  integrity sha512-CFjzYYAi4ThfiQvizrFQevTTXHtnCqWfe7x1AhgEscTz6ZbLbfoLRLPugTQyBth6f8ZERVUSyWHFD/7Wu4t1XQ==
  dependencies:
    ms "^2.1.1"

errno@^0.1.1:
  version "0.1.4"
  resolved "https://registry.yarnpkg.com/errno/-/errno-0.1.4.tgz#b896e23a9e5e8ba33871fc996abd3635fc9a1c7d"
  dependencies:
    prr "~0.0.0"

fs-extra@^9.1.0:
  version "9.1.0"
  resolved "https://registry.yarnpkg.com/fs-extra/-/fs-extra-9.1.0.tgz#5954460c764a8da2094ba3554bf839e6b9a7c86d"
  integrity sha512-hcg3ZmepS30/7BSFqRvoo3DOMQu7IjqxO5nCDt+zM9XWjb33Wg7ziNT+Qvqbuc3+gWpzO02JubVyk2G4Zvo1OQ==
  dependencies:
    at-least-node "^1.0.0"
    graceful-fs "^4.2.0"
    jsonfile "^6.0.1"
    universalify "^2.0.0"

graceful-fs@^4.1.11, graceful-fs@^4.2.0:
  version "4.2.6"
  resolved "https://registry.yarnpkg.com/graceful-fs/-/graceful-fs-4.2.6.tgz#ff040b2b0853b23c3d31027523706f1885d76bee"
  integrity sha512-nTnJ528pbqxYanhpDYsi4Rd8MAeaBA67+RZ10CM1m3bTAVFEDcd5AuA4a6W5YkGZ1iNXHzZz8T6TBKLeBuNriQ==

graceful-fs@^4.1.2, graceful-fs@^4.1.6:
  version "4.1.11"
  resolved "https://registry.yarnpkg.com/graceful-fs/-/graceful-fs-4.1.11.tgz#0e8bdfe4d1ddb8854d64e04ea7c00e2a026e5658"

handlebars@^4.7.6:
  version "4.7.7"
  resolved "https://registry.yarnpkg.com/handlebars/-/handlebars-4.7.7.tgz#9ce33416aad02dbd6c8fafa8240d5d98004945a1"
  integrity sha512-aAcXm5OAfE/8IXkcZvCepKU3VzW1/39Fb5ZuqMtgI/hT8X2YgoMvBY5dLhq/cpOvw7Lk1nK/UF71aLG/ZnVYRA==
  dependencies:
    minimist "^1.2.5"
    neo-async "^2.6.0"
    source-map "^0.6.1"
    wordwrap "^1.0.0"
  optionalDependencies:
    uglify-js "^3.1.4"

iconv-lite@^0.4.4:
  version "0.4.24"
  resolved "https://registry.yarnpkg.com/iconv-lite/-/iconv-lite-0.4.24.tgz#2022b4b25fbddc21d2f524974a474aafe733908b"
  integrity sha512-v3MXnZAcvnywkTUEZomIActle7RXXeedOR31wwl7VlyoXO4Qi9arvSenNQWne1TcRwhCL1HwLI21bEqdpj8/rA==
  dependencies:
    safer-buffer ">= 2.1.2 < 3"

image-size@~0.5.0:
  version "0.5.5"
  resolved "https://registry.yarnpkg.com/image-size/-/image-size-0.5.5.tgz#09dfd4ab9d20e29eb1c3e80b8990378df9e3cb9c"

is-what@^3.12.0:
  version "3.14.1"
  resolved "https://registry.yarnpkg.com/is-what/-/is-what-3.14.1.tgz#e1222f46ddda85dead0fd1c9df131760e77755c1"
  integrity sha512-sNxgpk9793nzSs7bA6JQJGeIuRBQhAaNGG77kzYQgMkrID+lS6SlK07K5LaptscDlSaIgH+GPFzf+d75FVxozA==

jsonfile@^6.0.1:
  version "6.1.0"
  resolved "https://registry.yarnpkg.com/jsonfile/-/jsonfile-6.1.0.tgz#bc55b2634793c679ec6403094eb13698a6ec0aae"
  integrity sha512-5dgndWOriYSm5cnYaJNhalLNDKOqFwyDB/rr1E9ZsGciGvKPs8R2xYGCacuf3z6K1YKDz182fd+fY3cn3pMqXQ==
  dependencies:
    universalify "^2.0.0"
  optionalDependencies:
    graceful-fs "^4.1.6"

klaw-sync@^6.0.0:
  version "6.0.0"
  resolved "https://registry.yarnpkg.com/klaw-sync/-/klaw-sync-6.0.0.tgz#1fd2cfd56ebb6250181114f0a581167099c2b28c"
  integrity sha512-nIeuVSzdCCs6TDPTqI8w1Yre34sSq7AkZ4B3sfOBbI2CgVSB4Du4aLQijFU2+lhAFCwt9+42Hel6lQNIv6AntQ==
  dependencies:
    graceful-fs "^4.1.11"

less@^4.1.1:
  version "4.1.1"
  resolved "https://registry.yarnpkg.com/less/-/less-4.1.1.tgz#15bf253a9939791dc690888c3ff424f3e6c7edba"
  integrity sha512-w09o8tZFPThBscl5d0Ggp3RcrKIouBoQscnOMgFH3n5V3kN/CXGHNfCkRPtxJk6nKryDXaV9aHLK55RXuH4sAw==
  dependencies:
    copy-anything "^2.0.1"
    parse-node-version "^1.0.1"
    tslib "^1.10.0"
  optionalDependencies:
    errno "^0.1.1"
    graceful-fs "^4.1.2"
    image-size "~0.5.0"
    make-dir "^2.1.0"
    mime "^1.4.1"
    needle "^2.5.2"
    source-map "~0.6.0"

lodash.negate@^3.0.2:
  version "3.0.2"
  resolved "https://registry.yarnpkg.com/lodash.negate/-/lodash.negate-3.0.2.tgz#9c897b0bf610019e0b43b8ff3f0afef3d7b66f34"
  integrity sha1-nIl7C/YQAZ4LQ7j/Pwr+89e2bzQ=

make-dir@^2.1.0:
  version "2.1.0"
  resolved "https://registry.yarnpkg.com/make-dir/-/make-dir-2.1.0.tgz#5f0310e18b8be898cc07009295a30ae41e91e6f5"
  integrity sha512-LS9X+dc8KLxXCb8dni79fLIIUA5VyZoyjSMCwTluaXA0o27cCK0bhXkpgw+sTXVpPy/lSO57ilRixqk0vDmtRA==
  dependencies:
    pify "^4.0.1"
    semver "^5.6.0"

mime@^1.4.1:
  version "1.6.0"
  resolved "https://registry.yarnpkg.com/mime/-/mime-1.6.0.tgz#32cd9e5c64553bd58d19a568af452acff04981b1"
  integrity sha512-x0Vn8spI+wuJ1O6S7gnbaQg8Pxh4NNHb7KSINmEWKiPE4RKOplvijn+NkmYmmRgP68mc70j2EbeTFRsrswaQeg==

minimist@^1.2.5:
  version "1.2.5"
  resolved "https://registry.yarnpkg.com/minimist/-/minimist-1.2.5.tgz#67d66014b66a6a8aaa0c083c5fd58df4e4e97602"
  integrity sha512-FM9nNUYrRBAELZQT3xeZQ7fmMOBg6nWNmJKTcgsJeaLstP/UODVpGsr5OhXhhXg6f+qtJ8uiZ+PUxkDWcgIXLw==

ms@^2.1.1:
  version "2.1.3"
  resolved "https://registry.yarnpkg.com/ms/-/ms-2.1.3.tgz#574c8138ce1d2b5861f0b44579dbadd60c6615b2"
  integrity sha512-6FlzubTLZG3J2a/NVCAleEhjzq5oxgHyaCU9yYXvcLsvoVaHJq/s5xXI6/XXP6tz7R9xAOtHnSO/tXtF3WRTlA==

needle@^2.5.2:
  version "2.6.0"
  resolved "https://registry.yarnpkg.com/needle/-/needle-2.6.0.tgz#24dbb55f2509e2324b4a99d61f413982013ccdbe"
  integrity sha512-KKYdza4heMsEfSWD7VPUIz3zX2XDwOyX2d+geb4vrERZMT5RMU6ujjaD+I5Yr54uZxQ2w6XRTAhHBbSCyovZBg==
  dependencies:
    debug "^3.2.6"
    iconv-lite "^0.4.4"
    sax "^1.2.4"

neo-async@^2.6.0:
  version "2.6.2"
  resolved "https://registry.yarnpkg.com/neo-async/-/neo-async-2.6.2.tgz#b4aafb93e3aeb2d8174ca53cf163ab7d7308305f"
  integrity sha512-Yd3UES5mWCSqR+qNT93S3UoYUkqAZ9lLg8a7g9rimsWmYGK8cVToA4/sF3RrshdyV3sAGMXVUmpMYOw+dLpOuw==

parse-node-version@^1.0.1:
  version "1.0.1"
  resolved "https://registry.yarnpkg.com/parse-node-version/-/parse-node-version-1.0.1.tgz#e2b5dbede00e7fa9bc363607f53327e8b073189b"
  integrity sha512-3YHlOa/JgH6Mnpr05jP9eDG254US9ek25LyIxZlDItp2iJtwyaXQb57lBYLdT3MowkUFYEV2XXNAYIPlESvJlA==

pify@^4.0.1:
  version "4.0.1"
  resolved "https://registry.yarnpkg.com/pify/-/pify-4.0.1.tgz#4b2cd25c50d598735c50292224fd8c6df41e3231"
  integrity sha512-uB80kBFb/tfd68bVleG9T5GGsGPjJrLAUpR5PZIrhBnIaRTQRjqdJSsIKkOP6OAIFbj7GOrcudc5pNjZ+geV2g==

prr@~0.0.0:
  version "0.0.0"
  resolved "https://registry.yarnpkg.com/prr/-/prr-0.0.0.tgz#1a84b85908325501411853d0081ee3fa86e2926a"

"safer-buffer@>= 2.1.2 < 3":
  version "2.1.2"
  resolved "https://registry.yarnpkg.com/safer-buffer/-/safer-buffer-2.1.2.tgz#44fa161b0187b9549dd84bb91802f9bd8385cd6a"
  integrity sha512-YZo3K82SD7Riyi0E1EQPojLz7kpepnSQI9IyPbHHg1XXXevb5dJI7tpyN2ADxGcQbHG7vcyRHk0cbwqcQriUtg==

sax@^1.2.4:
  version "1.2.4"
  resolved "https://registry.yarnpkg.com/sax/-/sax-1.2.4.tgz#2816234e2378bddc4e5354fab5caa895df7100d9"
  integrity sha512-NqVDv9TpANUjFm0N8uM5GxL36UgKi9/atZw+x7YFnQ8ckwFGKrl4xX4yWtrey3UJm5nP1kUbnYgLopqWNSRhWw==

semantic-style@^0.2.0:
  version "0.2.0"
  resolved "https://registry.yarnpkg.com/semantic-style/-/semantic-style-0.2.0.tgz#03fd731fee1492a3eac7501ff280dc72d3b3e3e1"

semver@^5.6.0:
  version "5.7.1"
  resolved "https://registry.yarnpkg.com/semver/-/semver-5.7.1.tgz#a954f931aeba508d307bbf069eff0c01c96116f7"
  integrity sha512-sauaDf/PZdVgrLTNYHRtpXa1iRiKcaebiKQ1BJdpQlWH2lCvexQdX55snPFyK7QzpudqbCI0qXFfOasHdyNDGQ==

source-map@^0.6.1, source-map@~0.6.0:
  version "0.6.1"
  resolved "https://registry.yarnpkg.com/source-map/-/source-map-0.6.1.tgz#74722af32e9614e9c287a8d0bbde48b5e2f1a263"
  integrity sha512-UjgapumWlbMhkBgzT7Ykc5YXUT46F0iKu8SGXq0bcwP5dz/h0Plj6enJqjz1Zbq2l5WaqYnrVbwWOWMyF3F47g==

"stachio@git+https://github.com/jbenner-radham/node-stachio.git":
  version "0.0.0"
  resolved "git+https://github.com/jbenner-radham/node-stachio.git#a8ddeffb36b4bcf6f9cd57813604ab1cd0c76aa1"
  dependencies:
    core-js "^3.8.3"
    fs-extra "^9.1.0"
    handlebars "^4.7.6"
    klaw-sync "^6.0.0"
    lodash.negate "^3.0.2"

tslib@^1.10.0:
  version "1.14.1"
  resolved "https://registry.yarnpkg.com/tslib/-/tslib-1.14.1.tgz#cf2d38bdc34a134bcaf1091c41f6619e2f672d00"
  integrity sha512-Xni35NKzjgMrwevysHTCArtLDpPvye8zV/0E4EyYn43P7/7qvQwPh9BGkHewbMulVntbigmcT7rdX3BNo9wRJg==

uglify-js@^3.1.4:
  version "3.12.8"
  resolved "https://registry.yarnpkg.com/uglify-js/-/uglify-js-3.12.8.tgz#a82e6e53c9be14f7382de3d068ef1e26e7d4aaf8"
  integrity sha512-fvBeuXOsvqjecUtF/l1dwsrrf5y2BCUk9AOJGzGcm6tE7vegku5u/YvqjyDaAGr422PLoLnrxg3EnRvTqsdC1w==

universalify@^2.0.0:
  version "2.0.0"
  resolved "https://registry.yarnpkg.com/universalify/-/universalify-2.0.0.tgz#75a4984efedc4b08975c5aeb73f530d02df25717"
  integrity sha512-hAZsKq7Yy11Zu1DE0OzWjw7nnLZmJZYTDZZyEFHZdUhV8FkH5MCfoU1XMaxXovpyW5nq5scPqq0ZDP9Zyl04oQ==

wordwrap@^1.0.0:
  version "1.0.0"
  resolved "https://registry.yarnpkg.com/wordwrap/-/wordwrap-1.0.0.tgz#27584810891456a4171c8d0226441ade90cbcaeb"
  integrity sha1-J1hIEIkUVqQXHI0CJkQa3pDLyus=
